
Microsoft Visual Studio Solution File, Format Version 12.00
# Visual Studio Version 16
VisualStudioVersion = 16.0.30413.136
MinimumVisualStudioVersion = 10.0.40219.1
Project("{FAE04EC0-301F-11D3-BF4B-00C04F79EFBC}") = "Hangfire.Api", "src\Hangfire.Api\Hangfire.Api.csproj", "{13826746-3DBB-42F1-BB63-A2D39A2BD54B}"
EndProject
Global
	GlobalSection(SolutionConfigurationPlatforms) = preSolution
		Debug|Any CPU = Debug|Any CPU
		Release|Any CPU = Release|Any CPU
	EndGlobalSection
	GlobalSection(ProjectConfigurationPlatforms) = postSolution
		{13826746-3DBB-42F1-BB63-A2D39A2BD54B}.Debug|Any CPU.ActiveCfg = Debug|Any CPU
		{13826746-3DBB-42F1-BB63-A2D39A2BD54B}.Debug|Any CPU.Build.0 = Debug|Any CPU
		{13826746-3DBB-42F1-BB63-A2D39A2BD54B}.Release|Any CPU.ActiveCfg = Release|Any CPU
		{13826746-3DBB-42F1-BB63-A2D39A2BD54B}.Release|Any CPU.Build.0 = Release|Any CPU
	EndGlobalSection
	GlobalSection(SolutionProperties) = preSolution
		HideSolutionNode = FALSE
	EndGlobalSection
	GlobalSection(ExtensibilityGlobals) = postSolution
		SolutionGuid = {70C49A6F-6E89-4243-B490-CADB223F1D6A}
	EndGlobalSection
EndGlobal
